
Microsoft Visual Studio Solution File, Format Version 12.00
# Visual Studio Version 16
VisualStudioVersion = 16.0.30804.86
MinimumVisualStudioVersion = 10.0.40219.1
Project("{FAE04EC0-301F-11D3-BF4B-00C04F79EFBC}") = "ASP.NETCoreMVC2Chapter4", "ASP.NETCoreMVC2Chapter4\ASP.NETCoreMVC2Chapter4.csproj", "{48E348BA-1D4F-48E6-B617-7D0212C8164B}"
EndProject
Global
	GlobalSection(SolutionConfigurationPlatforms) = preSolution
		Debug|Any CPU = Debug|Any CPU
		Release|Any CPU = Release|Any CPU
	EndGlobalSection
	GlobalSection(ProjectConfigurationPlatforms) = postSolution
		{48E348BA-1D4F-48E6-B617-7D0212C8164B}.Debug|Any CPU.ActiveCfg = Debug|Any CPU
		{48E348BA-1D4F-48E6-B617-7D0212C8164B}.Debug|Any CPU.Build.0 = Debug|Any CPU
		{48E348BA-1D4F-48E6-B617-7D0212C8164B}.Release|Any CPU.ActiveCfg = Release|Any CPU
		{48E348BA-1D4F-48E6-B617-7D0212C8164B}.Release|Any CPU.Build.0 = Release|Any CPU
	EndGlobalSection
	GlobalSection(SolutionProperties) = preSolution
		HideSolutionNode = FALSE
	EndGlobalSection
	GlobalSection(ExtensibilityGlobals) = postSolution
		SolutionGuid = {4C34ACA1-F77F-424F-A43B-EBFCE4C6B17B}
	EndGlobalSection
EndGlobal
